// !$*UTF8*$!
{
	archiveVersion = 1;
	classes = {
	};
	objectVersion = 50;
	objects = {

/* Begin PBXBuildFile section */
		7B16D1A125EB2F7F0065C163 /* BleDevice.m in Sources */ = {isa = PBXBuildFile; fileRef = 7B16D1A025EB2F7F0065C163 /* BleDevice.m */; };
		7B16D1B025EB32390065C163 /* FSBleDevice.m in Sources */ = {isa = PBXBuildFile; fileRef = 7B16D1AF25EB32390065C163 /* FSBleDevice.m */; };
		7B3CC30E2609CBC9006ACC23 /* FSDeiveceDefImg.bundle in Resources */ = {isa = PBXBuildFile; fileRef = 7B3CC30D2609CBC9006ACC23 /* FSDeiveceDefImg.bundle */; };
		7B3CC3142609D46B006ACC23 /* ScanedDevicesCtrl.m in Sources */ = {isa = PBXBuildFile; fileRef = 7B3CC3132609D46B006ACC23 /* ScanedDevicesCtrl.m */; };
		7BEE210125BC049500FCDA13 /* AppDelegate.m in Sources */ = {isa = PBXBuildFile; fileRef = 7BEE210025BC049500FCDA13 /* AppDelegate.m */; };
		7BEE210725BC049500FCDA13 /* ViewController.m in Sources */ = {isa = PBXBuildFile; fileRef = 7BEE210625BC049500FCDA13 /* ViewController.m */; };
		7BEE210A25BC049500FCDA13 /* Main.storyboard in Resources */ = {isa = PBXBuildFile; fileRef = 7BEE210825BC049500FCDA13 /* Main.storyboard */; };
		7BEE210F25BC049600FCDA13 /* LaunchScreen.storyboard in Resources */ = {isa = PBXBuildFile; fileRef = 7BEE210D25BC049600FCDA13 /* LaunchScreen.storyboard */; };
		7BEE211225BC049600FCDA13 /* main.m in Sources */ = {isa = PBXBuildFile; fileRef = 7BEE211125BC049600FCDA13 /* main.m */; };
		7BEE211C25BC049600FCDA13 /* FSBluetoothSDKTests.m in Sources */ = {isa = PBXBuildFile; fileRef = 7BEE211B25BC049600FCDA13 /* FSBluetoothSDKTests.m */; };
		7BEE212725BC049600FCDA13 /* FSBluetoothSDKUITests.m in Sources */ = {isa = PBXBuildFile; fileRef = 7BEE212625BC049600FCDA13 /* FSBluetoothSDKUITests.m */; };
		7BEE214325BC05FD00FCDA13 /* FSCentralManager.m in Sources */ = {isa = PBXBuildFile; fileRef = 7BEE214225BC05FD00FCDA13 /* FSCentralManager.m */; };
/* End PBXBuildFile section */

/* Begin PBXContainerItemProxy section */
		7BEE211825BC049600FCDA13 /* PBXContainerItemProxy */ = {
			isa = PBXContainerItemProxy;
			containerPortal = 7BEE20F425BC049500FCDA13 /* Project object */;
			proxyType = 1;
			remoteGlobalIDString = 7BEE20FB25BC049500FCDA13;
			remoteInfo = FSBluetoothSDK;
		};
		7BEE212325BC049600FCDA13 /* PBXContainerItemProxy */ = {
			isa = PBXContainerItemProxy;
			containerPortal = 7BEE20F425BC049500FCDA13 /* Project object */;
			proxyType = 1;
			remoteGlobalIDString = 7BEE20FB25BC049500FCDA13;
			remoteInfo = FSBluetoothSDK;
		};
/* End PBXContainerItemProxy section */

/* Begin PBXFileReference section */
		7B16D19F25EB2F7F0065C163 /* BleDevice.h */ = {isa = PBXFileReference; lastKnownFileType = sourcecode.c.h; path = BleDevice.h; sourceTree = "<group>"; };
		7B16D1A025EB2F7F0065C163 /* BleDevice.m */ = {isa = PBXFileReference; lastKnownFileType = sourcecode.c.objc; path = BleDevice.m; sourceTree = "<group>"; };
		7B16D1AE25EB32390065C163 /* FSBleDevice.h */ = {isa = PBXFileReference; lastKnownFileType = sourcecode.c.h; path = FSBleDevice.h; sourceTree = "<group>"; };
		7B16D1AF25EB32390065C163 /* FSBleDevice.m */ = {isa = PBXFileReference; lastKnownFileType = sourcecode.c.objc; path = FSBleDevice.m; sourceTree = "<group>"; };
		7B3CC30D2609CBC9006ACC23 /* FSDeiveceDefImg.bundle */ = {isa = PBXFileReference; lastKnownFileType = "wrapper.plug-in"; path = FSDeiveceDefImg.bundle; sourceTree = "<group>"; };
		7B3CC3122609D46B006ACC23 /* ScanedDevicesCtrl.h */ = {isa = PBXFileReference; lastKnownFileType = sourcecode.c.h; path = ScanedDevicesCtrl.h; sourceTree = "<group>"; };
		7B3CC3132609D46B006ACC23 /* ScanedDevicesCtrl.m */ = {isa = PBXFileReference; lastKnownFileType = sourcecode.c.objc; path = ScanedDevicesCtrl.m; sourceTree = "<group>"; };
		7B5C22F325BC571E004942F8 /* FSLibHelp.h */ = {isa = PBXFileReference; lastKnownFileType = sourcecode.c.h; path = FSLibHelp.h; sourceTree = "<group>"; };
		7BEE20FC25BC049500FCDA13 /* FSBluetoothSDK.app */ = {isa = PBXFileReference; explicitFileType = wrapper.application; includeInIndex = 0; path = FSBluetoothSDK.app; sourceTree = BUILT_PRODUCTS_DIR; };
		7BEE20FF25BC049500FCDA13 /* AppDelegate.h */ = {isa = PBXFileReference; lastKnownFileType = sourcecode.c.h; path = AppDelegate.h; sourceTree = "<group>"; };
		7BEE210025BC049500FCDA13 /* AppDelegate.m */ = {isa = PBXFileReference; lastKnownFileType = sourcecode.c.objc; path = AppDelegate.m; sourceTree = "<group>"; };
		7BEE210525BC049500FCDA13 /* ViewController.h */ = {isa = PBXFileReference; lastKnownFileType = sourcecode.c.h; path = ViewController.h; sourceTree = "<group>"; };
		7BEE210625BC049500FCDA13 /* ViewController.m */ = {isa = PBXFileReference; lastKnownFileType = sourcecode.c.objc; path = ViewController.m; sourceTree = "<group>"; };
		7BEE210925BC049500FCDA13 /* Base */ = {isa = PBXFileReference; lastKnownFileType = file.storyboard; name = Base; path = Base.lproj/Main.storyboard; sourceTree = "<group>"; };
		7BEE210E25BC049600FCDA13 /* Base */ = {isa = PBXFileReference; lastKnownFileType = file.storyboard; name = Base; path = Base.lproj/LaunchScreen.storyboard; sourceTree = "<group>"; };
		7BEE211025BC049600FCDA13 /* Info.plist */ = {isa = PBXFileReference; lastKnownFileType = text.plist.xml; path = Info.plist; sourceTree = "<group>"; };
		7BEE211125BC049600FCDA13 /* main.m */ = {isa = PBXFileReference; lastKnownFileType = sourcecode.c.objc; path = main.m; sourceTree = "<group>"; };
		7BEE211725BC049600FCDA13 /* FSBluetoothSDKTests.xctest */ = {isa = PBXFileReference; explicitFileType = wrapper.cfbundle; includeInIndex = 0; path = FSBluetoothSDKTests.xctest; sourceTree = BUILT_PRODUCTS_DIR; };
		7BEE211B25BC049600FCDA13 /* FSBluetoothSDKTests.m */ = {isa = PBXFileReference; lastKnownFileType = sourcecode.c.objc; path = FSBluetoothSDKTests.m; sourceTree = "<group>"; };
		7BEE211D25BC049600FCDA13 /* Info.plist */ = {isa = PBXFileReference; lastKnownFileType = text.plist.xml; path = Info.plist; sourceTree = "<group>"; };
		7BEE212225BC049600FCDA13 /* FSBluetoothSDKUITests.xctest */ = {isa = PBXFileReference; explicitFileType = wrapper.cfbundle; includeInIndex = 0; path = FSBluetoothSDKUITests.xctest; sourceTree = BUILT_PRODUCTS_DIR; };
		7BEE212625BC049600FCDA13 /* FSBluetoothSDKUITests.m */ = {isa = PBXFileReference; lastKnownFileType = sourcecode.c.objc; path = FSBluetoothSDKUITests.m; sourceTree = "<group>"; };
		7BEE212825BC049600FCDA13 /* Info.plist */ = {isa = PBXFileReference; lastKnownFileType = text.plist.xml; path = Info.plist; sourceTree = "<group>"; };
		7BEE214125BC05FD00FCDA13 /* FSCentralManager.h */ = {isa = PBXFileReference; lastKnownFileType = sourcecode.c.h; path = FSCentralManager.h; sourceTree = "<group>"; };
		7BEE214225BC05FD00FCDA13 /* FSCentralManager.m */ = {isa = PBXFileReference; lastKnownFileType = sourcecode.c.objc; path = FSCentralManager.m; sourceTree = "<group>"; };
		7BEE214725BC065400FCDA13 /* FSDelegate.h */ = {isa = PBXFileReference; lastKnownFileType = sourcecode.c.h; path = FSDelegate.h; sourceTree = "<group>"; };
		7BEE214B25BC092000FCDA13 /* FSEnum.h */ = {isa = PBXFileReference; lastKnownFileType = sourcecode.c.h; path = FSEnum.h; sourceTree = "<group>"; };
/* End PBXFileReference section */

/* Begin PBXFrameworksBuildPhase section */
		7BEE20F925BC049500FCDA13 /* Frameworks */ = {
			isa = PBXFrameworksBuildPhase;
			buildActionMask = 2147483647;
			files = (
			);
			runOnlyForDeploymentPostprocessing = 0;
		};
		7BEE211425BC049600FCDA13 /* Frameworks */ = {
			isa = PBXFrameworksBuildPhase;
			buildActionMask = 2147483647;
			files = (
			);
			runOnlyForDeploymentPostprocessing = 0;
		};
		7BEE211F25BC049600FCDA13 /* Frameworks */ = {
			isa = PBXFrameworksBuildPhase;
			buildActionMask = 2147483647;
			files = (
			);
			runOnlyForDeploymentPostprocessing = 0;
		};
/* End PBXFrameworksBuildPhase section */

/* Begin PBXGroup section */
		7BEE20F325BC049500FCDA13 = {
			isa = PBXGroup;
			children = (
				7BEE20FE25BC049500FCDA13 /* FSBluetoothSDK */,
				7BEE211A25BC049600FCDA13 /* FSBluetoothSDKTests */,
				7BEE212525BC049600FCDA13 /* FSBluetoothSDKUITests */,
				7BEE20FD25BC049500FCDA13 /* Products */,
			);
			sourceTree = "<group>";
		};
		7BEE20FD25BC049500FCDA13 /* Products */ = {
			isa = PBXGroup;
			children = (
				7BEE20FC25BC049500FCDA13 /* FSBluetoothSDK.app */,
				7BEE211725BC049600FCDA13 /* FSBluetoothSDKTests.xctest */,
				7BEE212225BC049600FCDA13 /* FSBluetoothSDKUITests.xctest */,
			);
			name = Products;
			sourceTree = "<group>";
		};
		7BEE20FE25BC049500FCDA13 /* FSBluetoothSDK */ = {
			isa = PBXGroup;
			children = (
				7B3CC30D2609CBC9006ACC23 /* FSDeiveceDefImg.bundle */,
				7BEE213D25BC056700FCDA13 /* FSLib */,
				7BEE20FF25BC049500FCDA13 /* AppDelegate.h */,
				7BEE210025BC049500FCDA13 /* AppDelegate.m */,
				7BEE210525BC049500FCDA13 /* ViewController.h */,
				7BEE210625BC049500FCDA13 /* ViewController.m */,
				7B3CC3122609D46B006ACC23 /* ScanedDevicesCtrl.h */,
				7B3CC3132609D46B006ACC23 /* ScanedDevicesCtrl.m */,
				7BEE210825BC049500FCDA13 /* Main.storyboard */,
				7BEE210D25BC049600FCDA13 /* LaunchScreen.storyboard */,
				7BEE211025BC049600FCDA13 /* Info.plist */,
				7BEE211125BC049600FCDA13 /* main.m */,
			);
			path = FSBluetoothSDK;
			sourceTree = "<group>";
		};
		7BEE211A25BC049600FCDA13 /* FSBluetoothSDKTests */ = {
			isa = PBXGroup;
			children = (
				7BEE211B25BC049600FCDA13 /* FSBluetoothSDKTests.m */,
				7BEE211D25BC049600FCDA13 /* Info.plist */,
			);
			path = FSBluetoothSDKTests;
			sourceTree = "<group>";
		};
		7BEE212525BC049600FCDA13 /* FSBluetoothSDKUITests */ = {
			isa = PBXGroup;
			children = (
				7BEE212625BC049600FCDA13 /* FSBluetoothSDKUITests.m */,
				7BEE212825BC049600FCDA13 /* Info.plist */,
			);
			path = FSBluetoothSDKUITests;
			sourceTree = "<group>";
		};
		7BEE213D25BC056700FCDA13 /* FSLib */ = {
			isa = PBXGroup;
			children = (
				7BEE214725BC065400FCDA13 /* FSDelegate.h */,
				7BEE214B25BC092000FCDA13 /* FSEnum.h */,
				7B5C22F325BC571E004942F8 /* FSLibHelp.h */,
				7BEE214125BC05FD00FCDA13 /* FSCentralManager.h */,
				7BEE214225BC05FD00FCDA13 /* FSCentralManager.m */,
				7B16D19F25EB2F7F0065C163 /* BleDevice.h */,
				7B16D1A025EB2F7F0065C163 /* BleDevice.m */,
				7B16D1AE25EB32390065C163 /* FSBleDevice.h */,
				7B16D1AF25EB32390065C163 /* FSBleDevice.m */,
			);
			path = FSLib;
			sourceTree = "<group>";
		};
/* End PBXGroup section */

/* Begin PBXNativeTarget section */
		7BEE20FB25BC049500FCDA13 /* FSBluetoothSDK */ = {
			isa = PBXNativeTarget;
			buildConfigurationList = 7BEE212B25BC049600FCDA13 /* Build configuration list for PBXNativeTarget "FSBluetoothSDK" */;
			buildPhases = (
				7BEE20F825BC049500FCDA13 /* Sources */,
				7BEE20F925BC049500FCDA13 /* Frameworks */,
				7BEE20FA25BC049500FCDA13 /* Resources */,
			);
			buildRules = (
			);
			dependencies = (
			);
			name = FSBluetoothSDK;
			productName = FSBluetoothSDK;
			productReference = 7BEE20FC25BC049500FCDA13 /* FSBluetoothSDK.app */;
			productType = "com.apple.product-type.application";
		};
		7BEE211625BC049600FCDA13 /* FSBluetoothSDKTests */ = {
			isa = PBXNativeTarget;
			buildConfigurationList = 7BEE212E25BC049600FCDA13 /* Build configuration list for PBXNativeTarget "FSBluetoothSDKTests" */;
			buildPhases = (
				7BEE211325BC049600FCDA13 /* Sources */,
				7BEE211425BC049600FCDA13 /* Frameworks */,
				7BEE211525BC049600FCDA13 /* Resources */,
			);
			buildRules = (
			);
			dependencies = (
				7BEE211925BC049600FCDA13 /* PBXTargetDependency */,
			);
			name = FSBluetoothSDKTests;
			productName = FSBluetoothSDKTests;
			productReference = 7BEE211725BC049600FCDA13 /* FSBluetoothSDKTests.xctest */;
			productType = "com.apple.product-type.bundle.unit-test";
		};
		7BEE212125BC049600FCDA13 /* FSBluetoothSDKUITests */ = {
			isa = PBXNativeTarget;
			buildConfigurationList = 7BEE213125BC049600FCDA13 /* Build configuration list for PBXNativeTarget "FSBluetoothSDKUITests" */;
			buildPhases = (
				7BEE211E25BC049600FCDA13 /* Sources */,
				7BEE211F25BC049600FCDA13 /* Frameworks */,
				7BEE212025BC049600FCDA13 /* Resources */,
			);
			buildRules = (
			);
			dependencies = (
				7BEE212425BC049600FCDA13 /* PBXTargetDependency */,
			);
			name = FSBluetoothSDKUITests;
			productName = FSBluetoothSDKUITests;
			productReference = 7BEE212225BC049600FCDA13 /* FSBluetoothSDKUITests.xctest */;
			productType = "com.apple.product-type.bundle.ui-testing";
		};
/* End PBXNativeTarget section */

/* Begin PBXProject section */
		7BEE20F425BC049500FCDA13 /* Project object */ = {
			isa = PBXProject;
			attributes = {
				LastUpgradeCheck = 1230;
				TargetAttributes = {
					7BEE20FB25BC049500FCDA13 = {
						CreatedOnToolsVersion = 12.3;
					};
					7BEE211625BC049600FCDA13 = {
						CreatedOnToolsVersion = 12.3;
						TestTargetID = 7BEE20FB25BC049500FCDA13;
					};
					7BEE212125BC049600FCDA13 = {
						CreatedOnToolsVersion = 12.3;
						TestTargetID = 7BEE20FB25BC049500FCDA13;
					};
				};
			};
			buildConfigurationList = 7BEE20F725BC049500FCDA13 /* Build configuration list for PBXProject "FSBluetoothSDK" */;
			compatibilityVersion = "Xcode 9.3";
			developmentRegion = en;
			hasScannedForEncodings = 0;
			knownRegions = (
				en,
				Base,
			);
			mainGroup = 7BEE20F325BC049500FCDA13;
			productRefGroup = 7BEE20FD25BC049500FCDA13 /* Products */;
			projectDirPath = "";
			projectRoot = "";
			targets = (
				7BEE20FB25BC049500FCDA13 /* FSBluetoothSDK */,
				7BEE211625BC049600FCDA13 /* FSBluetoothSDKTests */,
				7BEE212125BC049600FCDA13 /* FSBluetoothSDKUITests */,
			);
		};
/* End PBXProject section */

/* Begin PBXResourcesBuildPhase section */
		7BEE20FA25BC049500FCDA13 /* Resources */ = {
			isa = PBXResourcesBuildPhase;
			buildActionMask = 2147483647;
			files = (
				7BEE210F25BC049600FCDA13 /* LaunchScreen.storyboard in Resources */,
				7B3CC30E2609CBC9006ACC23 /* FSDeiveceDefImg.bundle in Resources */,
				7BEE210A25BC049500FCDA13 /* Main.storyboard in Resources */,
			);
			runOnlyForDeploymentPostprocessing = 0;
		};
		7BEE211525BC049600FCDA13 /* Resources */ = {
			isa = PBXResourcesBuildPhase;
			buildActionMask = 2147483647;
			files = (
			);
			runOnlyForDeploymentPostprocessing = 0;
		};
		7BEE212025BC049600FCDA13 /* Resources */ = {
			isa = PBXResourcesBuildPhase;
			buildActionMask = 2147483647;
			files = (
			);
			runOnlyForDeploymentPostprocessing = 0;
		};
/* End PBXResourcesBuildPhase section */

/* Begin PBXSourcesBuildPhase section */
		7BEE20F825BC049500FCDA13 /* Sources */ = {
			isa = PBXSourcesBuildPhase;
			buildActionMask = 2147483647;
			files = (
				7BEE210725BC049500FCDA13 /* ViewController.m in Sources */,
				7B16D1A125EB2F7F0065C163 /* BleDevice.m in Sources */,
				7BEE210125BC049500FCDA13 /* AppDelegate.m in Sources */,
				7BEE214325BC05FD00FCDA13 /* FSCentralManager.m in Sources */,
				7B3CC3142609D46B006ACC23 /* ScanedDevicesCtrl.m in Sources */,
				7B16D1B025EB32390065C163 /* FSBleDevice.m in Sources */,
				7BEE211225BC049600FCDA13 /* main.m in Sources */,
			);
			runOnlyForDeploymentPostprocessing = 0;
		};
		7BEE211325BC049600FCDA13 /* Sources */ = {
			isa = PBXSourcesBuildPhase;
			buildActionMask = 2147483647;
			files = (
				7BEE211C25BC049600FCDA13 /* FSBluetoothSDKTests.m in Sources */,
			);
			runOnlyForDeploymentPostprocessing = 0;
		};
		7BEE211E25BC049600FCDA13 /* Sources */ = {
			isa = PBXSourcesBuildPhase;
			buildActionMask = 2147483647;
			files = (
				7BEE212725BC049600FCDA13 /* FSBluetoothSDKUITests.m in Sources */,
			);
			runOnlyForDeploymentPostprocessing = 0;
		};
/* End PBXSourcesBuildPhase section */

/* Begin PBXTargetDependency section */
		7BEE211925BC049600FCDA13 /* PBXTargetDependency */ = {
			isa = PBXTargetDependency;
			target = 7BEE20FB25BC049500FCDA13 /* FSBluetoothSDK */;
			targetProxy = 7BEE211825BC049600FCDA13 /* PBXContainerItemProxy */;
		};
		7BEE212425BC049600FCDA13 /* PBXTargetDependency */ = {
			isa = PBXTargetDependency;
			target = 7BEE20FB25BC049500FCDA13 /* FSBluetoothSDK */;
			targetProxy = 7BEE212325BC049600FCDA13 /* PBXContainerItemProxy */;
		};
/* End PBXTargetDependency section */

/* Begin PBXVariantGroup section */
		7BEE210825BC049500FCDA13 /* Main.storyboard */ = {
			isa = PBXVariantGroup;
			children = (
				7BEE210925BC049500FCDA13 /* Base */,
			);
			name = Main.storyboard;
			sourceTree = "<group>";
		};
		7BEE210D25BC049600FCDA13 /* LaunchScreen.storyboard */ = {
			isa = PBXVariantGroup;
			children = (
				7BEE210E25BC049600FCDA13 /* Base */,
			);
			name = LaunchScreen.storyboard;
			sourceTree = "<group>";
		};
/* End PBXVariantGroup section */

/* Begin XCBuildConfiguration section */
		7BEE212925BC049600FCDA13 /* Debug */ = {
			isa = XCBuildConfiguration;
			buildSettings = {
				ALWAYS_SEARCH_USER_PATHS = NO;
				CLANG_ANALYZER_NONNULL = YES;
				CLANG_ANALYZER_NUMBER_OBJECT_CONVERSION = YES_AGGRESSIVE;
				CLANG_CXX_LANGUAGE_STANDARD = "gnu++14";
				CLANG_CXX_LIBRARY = "libc++";
				CLANG_ENABLE_MODULES = YES;
				CLANG_ENABLE_OBJC_ARC = YES;
				CLANG_ENABLE_OBJC_WEAK = YES;
				CLANG_WARN_BLOCK_CAPTURE_AUTORELEASING = YES;
				CLANG_WARN_BOOL_CONVERSION = YES;
				CLANG_WARN_COMMA = YES;
				CLANG_WARN_CONSTANT_CONVERSION = YES;
				CLANG_WARN_DEPRECATED_OBJC_IMPLEMENTATIONS = YES;
				CLANG_WARN_DIRECT_OBJC_ISA_USAGE = YES_ERROR;
				CLANG_WARN_DOCUMENTATION_COMMENTS = YES;
				CLANG_WARN_EMPTY_BODY = YES;
				CLANG_WARN_ENUM_CONVERSION = YES;
				CLANG_WARN_INFINITE_RECURSION = YES;
				CLANG_WARN_INT_CONVERSION = YES;
				CLANG_WARN_NON_LITERAL_NULL_CONVERSION = YES;
				CLANG_WARN_OBJC_IMPLICIT_RETAIN_SELF = YES;
				CLANG_WARN_OBJC_LITERAL_CONVERSION = YES;
				CLANG_WARN_OBJC_ROOT_CLASS = YES_ERROR;
				CLANG_WARN_QUOTED_INCLUDE_IN_FRAMEWORK_HEADER = YES;
				CLANG_WARN_RANGE_LOOP_ANALYSIS = YES;
				CLANG_WARN_STRICT_PROTOTYPES = YES;
				CLANG_WARN_SUSPICIOUS_MOVE = YES;
				CLANG_WARN_UNGUARDED_AVAILABILITY = YES_AGGRESSIVE;
				CLANG_WARN_UNREACHABLE_CODE = YES;
				CLANG_WARN__DUPLICATE_METHOD_MATCH = YES;
				COPY_PHASE_STRIP = NO;
				DEBUG_INFORMATION_FORMAT = dwarf;
				ENABLE_STRICT_OBJC_MSGSEND = YES;
				ENABLE_TESTABILITY = YES;
				GCC_C_LANGUAGE_STANDARD = gnu11;
				GCC_DYNAMIC_NO_PIC = NO;
				GCC_NO_COMMON_BLOCKS = YES;
				GCC_OPTIMIZATION_LEVEL = 0;
				GCC_PREPROCESSOR_DEFINITIONS = (
					"DEBUG=1",
					"$(inherited)",
				);
				GCC_WARN_64_TO_32_BIT_CONVERSION = YES;
				GCC_WARN_ABOUT_RETURN_TYPE = YES_ERROR;
				GCC_WARN_UNDECLARED_SELECTOR = YES;
				GCC_WARN_UNINITIALIZED_AUTOS = YES_AGGRESSIVE;
				GCC_WARN_UNUSED_FUNCTION = YES;
				GCC_WARN_UNUSED_VARIABLE = YES;
				IPHONEOS_DEPLOYMENT_TARGET = 14.3;
				MTL_ENABLE_DEBUG_INFO = INCLUDE_SOURCE;
				MTL_FAST_MATH = YES;
				ONLY_ACTIVE_ARCH = YES;
				SDKROOT = iphoneos;
			};
			name = Debug;
		};
		7BEE212A25BC049600FCDA13 /* Release */ = {
			isa = XCBuildConfiguration;
			buildSettings = {
				ALWAYS_SEARCH_USER_PATHS = NO;
				CLANG_ANALYZER_NONNULL = YES;
				CLANG_ANALYZER_NUMBER_OBJECT_CONVERSION = YES_AGGRESSIVE;
				CLANG_CXX_LANGUAGE_STANDARD = "gnu++14";
				CLANG_CXX_LIBRARY = "libc++";
				CLANG_ENABLE_MODULES = YES;
				CLANG_ENABLE_OBJC_ARC = YES;
				CLANG_ENABLE_OBJC_WEAK = YES;
				CLANG_WARN_BLOCK_CAPTURE_AUTORELEASING = YES;
				CLANG_WARN_BOOL_CONVERSION = YES;
				CLANG_WARN_COMMA = YES;
				CLANG_WARN_CONSTANT_CONVERSION = YES;
				CLANG_WARN_DEPRECATED_OBJC_IMPLEMENTATIONS = YES;
				CLANG_WARN_DIRECT_OBJC_ISA_USAGE = YES_ERROR;
				CLANG_WARN_DOCUMENTATION_COMMENTS = YES;
				CLANG_WARN_EMPTY_BODY = YES;
				CLANG_WARN_ENUM_CONVERSION = YES;
				CLANG_WARN_INFINITE_RECURSION = YES;
				CLANG_WARN_INT_CONVERSION = YES;
				CLANG_WARN_NON_LITERAL_NULL_CONVERSION = YES;
				CLANG_WARN_OBJC_IMPLICIT_RETAIN_SELF = YES;
				CLANG_WARN_OBJC_LITERAL_CONVERSION = YES;
				CLANG_WARN_OBJC_ROOT_CLASS = YES_ERROR;
				CLANG_WARN_QUOTED_INCLUDE_IN_FRAMEWORK_HEADER = YES;
				CLANG_WARN_RANGE_LOOP_ANALYSIS = YES;
				CLANG_WARN_STRICT_PROTOTYPES = YES;
				CLANG_WARN_SUSPICIOUS_MOVE = YES;
				CLANG_WARN_UNGUARDED_AVAILABILITY = YES_AGGRESSIVE;
				CLANG_WARN_UNREACHABLE_CODE = YES;
				CLANG_WARN__DUPLICATE_METHOD_MATCH = YES;
				COPY_PHASE_STRIP = NO;
				DEBUG_INFORMATION_FORMAT = "dwarf-with-dsym";
				ENABLE_NS_ASSERTIONS = NO;
				ENABLE_STRICT_OBJC_MSGSEND = YES;
				GCC_C_LANGUAGE_STANDARD = gnu11;
				GCC_NO_COMMON_BLOCKS = YES;
				GCC_WARN_64_TO_32_BIT_CONVERSION = YES;
				GCC_WARN_ABOUT_RETURN_TYPE = YES_ERROR;
				GCC_WARN_UNDECLARED_SELECTOR = YES;
				GCC_WARN_UNINITIALIZED_AUTOS = YES_AGGRESSIVE;
				GCC_WARN_UNUSED_FUNCTION = YES;
				GCC_WARN_UNUSED_VARIABLE = YES;
				IPHONEOS_DEPLOYMENT_TARGET = 14.3;
				MTL_ENABLE_DEBUG_INFO = NO;
				MTL_FAST_MATH = YES;
				SDKROOT = iphoneos;
				VALIDATE_PRODUCT = YES;
			};
			name = Release;
		};
		7BEE212C25BC049600FCDA13 /* Debug */ = {
			isa = XCBuildConfiguration;
			buildSettings = {
				ASSETCATALOG_COMPILER_APPICON_NAME = AppIcon;
				ASSETCATALOG_COMPILER_GLOBAL_ACCENT_COLOR_NAME = AccentColor;
				CODE_SIGN_STYLE = Automatic;
				DEVELOPMENT_TEAM = J2D4QW5S8N;
				INFOPLIST_FILE = FSBluetoothSDK/Info.plist;
				IPHONEOS_DEPLOYMENT_TARGET = 9.0;
				LD_RUNPATH_SEARCH_PATHS = (
					"$(inherited)",
					"@executable_path/Frameworks",
				);
				PRODUCT_BUNDLE_IDENTIFIER = com.fitshow.app;
				PRODUCT_NAME = "$(TARGET_NAME)";
				TARGETED_DEVICE_FAMILY = "1,2";
			};
			name = Debug;
		};
		7BEE212D25BC049600FCDA13 /* Release */ = {
			isa = XCBuildConfiguration;
			buildSettings = {
				ASSETCATALOG_COMPILER_APPICON_NAME = AppIcon;
				ASSETCATALOG_COMPILER_GLOBAL_ACCENT_COLOR_NAME = AccentColor;
				CODE_SIGN_STYLE = Automatic;
				DEVELOPMENT_TEAM = J2D4QW5S8N;
				INFOPLIST_FILE = FSBluetoothSDK/Info.plist;
				IPHONEOS_DEPLOYMENT_TARGET = 9.0;
				LD_RUNPATH_SEARCH_PATHS = (
					"$(inherited)",
					"@executable_path/Frameworks",
				);
				PRODUCT_BUNDLE_IDENTIFIER = com.fitshow.app;
				PRODUCT_NAME = "$(TARGET_NAME)";
				TARGETED_DEVICE_FAMILY = "1,2";
			};
			name = Release;
		};
		7BEE212F25BC049600FCDA13 /* Debug */ = {
			isa = XCBuildConfiguration;
			buildSettings = {
				BUNDLE_LOADER = "$(TEST_HOST)";
				CODE_SIGN_STYLE = Automatic;
				INFOPLIST_FILE = FSBluetoothSDKTests/Info.plist;
				IPHONEOS_DEPLOYMENT_TARGET = 14.3;
				LD_RUNPATH_SEARCH_PATHS = (
					"$(inherited)",
					"@executable_path/Frameworks",
					"@loader_path/Frameworks",
				);
				PRODUCT_BUNDLE_IDENTIFIER = com.dakaimen.dwn.FSBluetoothSDKTests;
				PRODUCT_NAME = "$(TARGET_NAME)";
				TARGETED_DEVICE_FAMILY = "1,2";
				TEST_HOST = "$(BUILT_PRODUCTS_DIR)/FSBluetoothSDK.app/FSBluetoothSDK";
			};
			name = Debug;
		};
		7BEE213025BC049600FCDA13 /* Release */ = {
			isa = XCBuildConfiguration;
			buildSettings = {
				BUNDLE_LOADER = "$(TEST_HOST)";
				CODE_SIGN_STYLE = Automatic;
				INFOPLIST_FILE = FSBluetoothSDKTests/Info.plist;
				IPHONEOS_DEPLOYMENT_TARGET = 14.3;
				LD_RUNPATH_SEARCH_PATHS = (
					"$(inherited)",
					"@executable_path/Frameworks",
					"@loader_path/Frameworks",
				);
				PRODUCT_BUNDLE_IDENTIFIER = com.dakaimen.dwn.FSBluetoothSDKTests;
				PRODUCT_NAME = "$(TARGET_NAME)";
				TARGETED_DEVICE_FAMILY = "1,2";
				TEST_HOST = "$(BUILT_PRODUCTS_DIR)/FSBluetoothSDK.app/FSBluetoothSDK";
			};
			name = Release;
		};
		7BEE213225BC049600FCDA13 /* Debug */ = {
			isa = XCBuildConfiguration;
			buildSettings = {
				CODE_SIGN_STYLE = Automatic;
				INFOPLIST_FILE = FSBluetoothSDKUITests/Info.plist;
				LD_RUNPATH_SEARCH_PATHS = (
					"$(inherited)",
					"@executable_path/Frameworks",
					"@loader_path/Frameworks",
				);
				PRODUCT_BUNDLE_IDENTIFIER = com.dakaimen.dwn.FSBluetoothSDKUITests;
				PRODUCT_NAME = "$(TARGET_NAME)";
				TARGETED_DEVICE_FAMILY = "1,2";
				TEST_TARGET_NAME = FSBluetoothSDK;
			};
			name = Debug;
		};
		7BEE213325BC049600FCDA13 /* Release */ = {
			isa = XCBuildConfiguration;
			buildSettings = {
				CODE_SIGN_STYLE = Automatic;
				INFOPLIST_FILE = FSBluetoothSDKUITests/Info.plist;
				LD_RUNPATH_SEARCH_PATHS = (
					"$(inherited)",
					"@executable_path/Frameworks",
					"@loader_path/Frameworks",
				);
				PRODUCT_BUNDLE_IDENTIFIER = com.dakaimen.dwn.FSBluetoothSDKUITests;
				PRODUCT_NAME = "$(TARGET_NAME)";
				TARGETED_DEVICE_FAMILY = "1,2";
				TEST_TARGET_NAME = FSBluetoothSDK;
			};
			name = Release;
		};
/* End XCBuildConfiguration section */

/* Begin XCConfigurationList section */
		7BEE20F725BC049500FCDA13 /* Build configuration list for PBXProject "FSBluetoothSDK" */ = {
			isa = XCConfigurationList;
			buildConfigurations = (
				7BEE212925BC049600FCDA13 /* Debug */,
				7BEE212A25BC049600FCDA13 /* Release */,
			);
			defaultConfigurationIsVisible = 0;
			defaultConfigurationName = Release;
		};
		7BEE212B25BC049600FCDA13 /* Build configuration list for PBXNativeTarget "FSBluetoothSDK" */ = {
			isa = XCConfigurationList;
			buildConfigurations = (
				7BEE212C25BC049600FCDA13 /* Debug */,
				7BEE212D25BC049600FCDA13 /* Release */,
			);
			defaultConfigurationIsVisible = 0;
			defaultConfigurationName = Release;
		};
		7BEE212E25BC049600FCDA13 /* Build configuration list for PBXNativeTarget "FSBluetoothSDKTests" */ = {
			isa = XCConfigurationList;
			buildConfigurations = (
				7BEE212F25BC049600FCDA13 /* Debug */,
				7BEE213025BC049600FCDA13 /* Release */,
			);
			defaultConfigurationIsVisible = 0;
			defaultConfigurationName = Release;
		};
		7BEE213125BC049600FCDA13 /* Build configuration list for PBXNativeTarget "FSBluetoothSDKUITests" */ = {
			isa = XCConfigurationList;
			buildConfigurations = (
				7BEE213225BC049600FCDA13 /* Debug */,
				7BEE213325BC049600FCDA13 /* Release */,
			);
			defaultConfigurationIsVisible = 0;
			defaultConfigurationName = Release;
		};
/* End XCConfigurationList section */
	};
	rootObject = 7BEE20F425BC049500FCDA13 /* Project object */;
}
